
Microsoft Visual Studio Solution File, Format Version 12.00
# Visual Studio Version 17
VisualStudioVersion = 17.4.33213.308
MinimumVisualStudioVersion = 10.0.40219.1
Project("{FAE04EC0-301F-11D3-BF4B-00C04F79EFBC}") = "Class Introduction", "Class Introduction\Class Introduction.csproj", "{86C4BAF6-FA4B-43EC-BCD9-0DA6F8B2C007}"
EndProject
Global
	GlobalSection(SolutionConfigurationPlatforms) = preSolution
		Debug|Any CPU = Debug|Any CPU
		Release|Any CPU = Release|Any CPU
	EndGlobalSection
	GlobalSection(ProjectConfigurationPlatforms) = postSolution
		{86C4BAF6-FA4B-43EC-BCD9-0DA6F8B2C007}.Debug|Any CPU.ActiveCfg = Debug|Any CPU
		{86C4BAF6-FA4B-43EC-BCD9-0DA6F8B2C007}.Debug|Any CPU.Build.0 = Debug|Any CPU
		{86C4BAF6-FA4B-43EC-BCD9-0DA6F8B2C007}.Release|Any CPU.ActiveCfg = Release|Any CPU
		{86C4BAF6-FA4B-43EC-BCD9-0DA6F8B2C007}.Release|Any CPU.Build.0 = Release|Any CPU
	EndGlobalSection
	GlobalSection(SolutionProperties) = preSolution
		HideSolutionNode = FALSE
	EndGlobalSection
	GlobalSection(ExtensibilityGlobals) = postSolution
		SolutionGuid = {CDECAC43-E02E-4978-ABA6-D0643C44599C}
	EndGlobalSection
EndGlobal
