
Microsoft Visual Studio Solution File, Format Version 12.00
# Visual Studio Version 17
VisualStudioVersion = 17.4.33213.308
MinimumVisualStudioVersion = 10.0.40219.1
Project("{FAE04EC0-301F-11D3-BF4B-00C04F79EFBC}") = "Get data to arrray", "Get data to arrray\Get data to arrray.csproj", "{0A4D0E47-CF82-4FBF-B14E-C3C10D7AFDDA}"
EndProject
Global
	GlobalSection(SolutionConfigurationPlatforms) = preSolution
		Debug|Any CPU = Debug|Any CPU
		Release|Any CPU = Release|Any CPU
	EndGlobalSection
	GlobalSection(ProjectConfigurationPlatforms) = postSolution
		{0A4D0E47-CF82-4FBF-B14E-C3C10D7AFDDA}.Debug|Any CPU.ActiveCfg = Debug|Any CPU
		{0A4D0E47-CF82-4FBF-B14E-C3C10D7AFDDA}.Debug|Any CPU.Build.0 = Debug|Any CPU
		{0A4D0E47-CF82-4FBF-B14E-C3C10D7AFDDA}.Release|Any CPU.ActiveCfg = Release|Any CPU
		{0A4D0E47-CF82-4FBF-B14E-C3C10D7AFDDA}.Release|Any CPU.Build.0 = Release|Any CPU
	EndGlobalSection
	GlobalSection(SolutionProperties) = preSolution
		HideSolutionNode = FALSE
	EndGlobalSection
	GlobalSection(ExtensibilityGlobals) = postSolution
		SolutionGuid = {ADD075D6-95DE-45F3-984D-C8646D3FC2D5}
	EndGlobalSection
EndGlobal
